// !$*UTF8*$!
{
	archiveVersion = 1;
	classes = {
	};
	objectVersion = 56;
	objects = {

/* Begin PBXBuildFile section */
		6C29BC552A4325C4000B5DCF /* Alert+Error.swift in Sources */ = {isa = PBXBuildFile; fileRef = 6C29BC542A4325C4000B5DCF /* Alert+Error.swift */; };
		6C29BC572A432A91000B5DCF /* PostRowViewModel.swift in Sources */ = {isa = PBXBuildFile; fileRef = 6C29BC562A432A91000B5DCF /* PostRowViewModel.swift */; };
		6C38E5832A41D93600801ACC /* BringCloserApp.swift in Sources */ = {isa = PBXBuildFile; fileRef = 6C38E5822A41D93600801ACC /* BringCloserApp.swift */; };
		6C38E5872A41D93700801ACC /* Assets.xcassets in Resources */ = {isa = PBXBuildFile; fileRef = 6C38E5862A41D93700801ACC /* Assets.xcassets */; };
		6C38E58A2A41D93700801ACC /* Preview Assets.xcassets in Resources */ = {isa = PBXBuildFile; fileRef = 6C38E5892A41D93700801ACC /* Preview Assets.xcassets */; };
		6C38E5952A41DBE100801ACC /* Post.swift in Sources */ = {isa = PBXBuildFile; fileRef = 6C38E5942A41DBE100801ACC /* Post.swift */; };
		6C38E5972A41DC1100801ACC /* PostRow.swift in Sources */ = {isa = PBXBuildFile; fileRef = 6C38E5962A41DC1100801ACC /* PostRow.swift */; };
		6C38E5992A41DC4E00801ACC /* PostList.swift in Sources */ = {isa = PBXBuildFile; fileRef = 6C38E5982A41DC4E00801ACC /* PostList.swift */; };
		6C38E59C2A41DD1000801ACC /* PostRepository.swift in Sources */ = {isa = PBXBuildFile; fileRef = 6C38E59B2A41DD1000801ACC /* PostRepository.swift */; };
		6C38E59E2A41DD4300801ACC /* PostsViewModel.swift in Sources */ = {isa = PBXBuildFile; fileRef = 6C38E59D2A41DD4300801ACC /* PostsViewModel.swift */; };
		6C38E5A02A41DD8500801ACC /* NewPostForm.swift in Sources */ = {isa = PBXBuildFile; fileRef = 6C38E59F2A41DD8500801ACC /* NewPostForm.swift */; };
		6C38E5A32A41DE2E00801ACC /* FirebaseAnalytics in Frameworks */ = {isa = PBXBuildFile; productRef = 6C38E5A22A41DE2E00801ACC /* FirebaseAnalytics */; };
		6C38E5A52A41DE2E00801ACC /* FirebaseDatabase in Frameworks */ = {isa = PBXBuildFile; productRef = 6C38E5A42A41DE2E00801ACC /* FirebaseDatabase */; };
		6C38E5A72A41DE2E00801ACC /* FirebaseFirestoreSwift in Frameworks */ = {isa = PBXBuildFile; productRef = 6C38E5A62A41DE2E00801ACC /* FirebaseFirestoreSwift */; };
		6C38E5A92A41DF8800801ACC /* GoogleService-Info.plist in Resources */ = {isa = PBXBuildFile; fileRef = 6C38E5A82A41DF8800801ACC /* GoogleService-Info.plist */; };
		6CF6B5482A42901B00DBD148 /* Loadable.swift in Sources */ = {isa = PBXBuildFile; fileRef = 6CF6B5472A42901B00DBD148 /* Loadable.swift */; };
		6CF6B54A2A4294BE00DBD148 /* EmptyListView.swift in Sources */ = {isa = PBXBuildFile; fileRef = 6CF6B5492A4294BE00DBD148 /* EmptyListView.swift */; };
/* End PBXBuildFile section */

/* Begin PBXFileReference section */
		6C29BC542A4325C4000B5DCF /* Alert+Error.swift */ = {isa = PBXFileReference; lastKnownFileType = sourcecode.swift; path = "Alert+Error.swift"; sourceTree = "<group>"; };
		6C29BC562A432A91000B5DCF /* PostRowViewModel.swift */ = {isa = PBXFileReference; lastKnownFileType = sourcecode.swift; path = PostRowViewModel.swift; sourceTree = "<group>"; };
		6C38E57F2A41D93600801ACC /* BringCloser.app */ = {isa = PBXFileReference; explicitFileType = wrapper.application; includeInIndex = 0; path = BringCloser.app; sourceTree = BUILT_PRODUCTS_DIR; };
		6C38E5822A41D93600801ACC /* BringCloserApp.swift */ = {isa = PBXFileReference; lastKnownFileType = sourcecode.swift; path = BringCloserApp.swift; sourceTree = "<group>"; };
		6C38E5862A41D93700801ACC /* Assets.xcassets */ = {isa = PBXFileReference; lastKnownFileType = folder.assetcatalog; path = Assets.xcassets; sourceTree = "<group>"; };
		6C38E5892A41D93700801ACC /* Preview Assets.xcassets */ = {isa = PBXFileReference; lastKnownFileType = folder.assetcatalog; path = "Preview Assets.xcassets"; sourceTree = "<group>"; };
		6C38E5942A41DBE100801ACC /* Post.swift */ = {isa = PBXFileReference; lastKnownFileType = sourcecode.swift; path = Post.swift; sourceTree = "<group>"; };
		6C38E5962A41DC1100801ACC /* PostRow.swift */ = {isa = PBXFileReference; lastKnownFileType = sourcecode.swift; path = PostRow.swift; sourceTree = "<group>"; };
		6C38E5982A41DC4E00801ACC /* PostList.swift */ = {isa = PBXFileReference; lastKnownFileType = sourcecode.swift; path = PostList.swift; sourceTree = "<group>"; };
		6C38E59B2A41DD1000801ACC /* PostRepository.swift */ = {isa = PBXFileReference; lastKnownFileType = sourcecode.swift; path = PostRepository.swift; sourceTree = "<group>"; };
		6C38E59D2A41DD4300801ACC /* PostsViewModel.swift */ = {isa = PBXFileReference; lastKnownFileType = sourcecode.swift; path = PostsViewModel.swift; sourceTree = "<group>"; };
		6C38E59F2A41DD8500801ACC /* NewPostForm.swift */ = {isa = PBXFileReference; lastKnownFileType = sourcecode.swift; path = NewPostForm.swift; sourceTree = "<group>"; };
		6C38E5A82A41DF8800801ACC /* GoogleService-Info.plist */ = {isa = PBXFileReference; fileEncoding = 4; lastKnownFileType = text.plist.xml; path = "GoogleService-Info.plist"; sourceTree = "<group>"; };
		6CF6B5472A42901B00DBD148 /* Loadable.swift */ = {isa = PBXFileReference; lastKnownFileType = sourcecode.swift; path = Loadable.swift; sourceTree = "<group>"; };
		6CF6B5492A4294BE00DBD148 /* EmptyListView.swift */ = {isa = PBXFileReference; lastKnownFileType = sourcecode.swift; path = EmptyListView.swift; sourceTree = "<group>"; };
/* End PBXFileReference section */

/* Begin PBXFrameworksBuildPhase section */
		6C38E57C2A41D93600801ACC /* Frameworks */ = {
			isa = PBXFrameworksBuildPhase;
			buildActionMask = 2147483647;
			files = (
				6C38E5A52A41DE2E00801ACC /* FirebaseDatabase in Frameworks */,
				6C38E5A32A41DE2E00801ACC /* FirebaseAnalytics in Frameworks */,
				6C38E5A72A41DE2E00801ACC /* FirebaseFirestoreSwift in Frameworks */,
			);
			runOnlyForDeploymentPostprocessing = 0;
		};
/* End PBXFrameworksBuildPhase section */

/* Begin PBXGroup section */
		6C29BC532A43259E000B5DCF /* SupportingViews */ = {
			isa = PBXGroup;
			children = (
				6C29BC542A4325C4000B5DCF /* Alert+Error.swift */,
			);
			path = SupportingViews;
			sourceTree = "<group>";
		};
		6C38E5762A41D93600801ACC = {
			isa = PBXGroup;
			children = (
				6C38E5812A41D93600801ACC /* BringCloser */,
				6C38E5802A41D93600801ACC /* Products */,
			);
			sourceTree = "<group>";
		};
		6C38E5802A41D93600801ACC /* Products */ = {
			isa = PBXGroup;
			children = (
				6C38E57F2A41D93600801ACC /* BringCloser.app */,
			);
			name = Products;
			sourceTree = "<group>";
		};
		6C38E5812A41D93600801ACC /* BringCloser */ = {
			isa = PBXGroup;
			children = (
				6C38E5822A41D93600801ACC /* BringCloserApp.swift */,
				6C38E5912A41D97900801ACC /* Models */,
				6C38E59A2A41DCFE00801ACC /* Repositories */,
				6C38E5932A41D9B000801ACC /* Resources */,
				6C29BC532A43259E000B5DCF /* SupportingViews */,
				6CF6B5462A428FFC00DBD148 /* Utilities */,
				6C38E5922A41D9A600801ACC /* ViewModels */,
				6C38E5902A41D96700801ACC /* Views */,
			);
			path = BringCloser;
			sourceTree = "<group>";
		};
		6C38E5882A41D93700801ACC /* Preview Content */ = {
			isa = PBXGroup;
			children = (
				6C38E5892A41D93700801ACC /* Preview Assets.xcassets */,
			);
			path = "Preview Content";
			sourceTree = "<group>";
		};
		6C38E5902A41D96700801ACC /* Views */ = {
			isa = PBXGroup;
			children = (
				6C38E5962A41DC1100801ACC /* PostRow.swift */,
				6C38E5982A41DC4E00801ACC /* PostList.swift */,
				6C38E59F2A41DD8500801ACC /* NewPostForm.swift */,
				6CF6B5492A4294BE00DBD148 /* EmptyListView.swift */,
			);
			path = Views;
			sourceTree = "<group>";
		};
		6C38E5912A41D97900801ACC /* Models */ = {
			isa = PBXGroup;
			children = (
				6C38E5942A41DBE100801ACC /* Post.swift */,
			);
			path = Models;
			sourceTree = "<group>";
		};
		6C38E5922A41D9A600801ACC /* ViewModels */ = {
			isa = PBXGroup;
			children = (
				6C38E59D2A41DD4300801ACC /* PostsViewModel.swift */,
				6C29BC562A432A91000B5DCF /* PostRowViewModel.swift */,
			);
			path = ViewModels;
			sourceTree = "<group>";
		};
		6C38E5932A41D9B000801ACC /* Resources */ = {
			isa = PBXGroup;
			children = (
				6C38E5A82A41DF8800801ACC /* GoogleService-Info.plist */,
				6C38E5862A41D93700801ACC /* Assets.xcassets */,
				6C38E5882A41D93700801ACC /* Preview Content */,
			);
			path = Resources;
			sourceTree = "<group>";
		};
		6C38E59A2A41DCFE00801ACC /* Repositories */ = {
			isa = PBXGroup;
			children = (
				6C38E59B2A41DD1000801ACC /* PostRepository.swift */,
			);
			path = Repositories;
			sourceTree = "<group>";
		};
		6CF6B5462A428FFC00DBD148 /* Utilities */ = {
			isa = PBXGroup;
			children = (
				6CF6B5472A42901B00DBD148 /* Loadable.swift */,
			);
			path = Utilities;
			sourceTree = "<group>";
		};
/* End PBXGroup section */

/* Begin PBXNativeTarget section */
		6C38E57E2A41D93600801ACC /* BringCloser */ = {
			isa = PBXNativeTarget;
			buildConfigurationList = 6C38E58D2A41D93700801ACC /* Build configuration list for PBXNativeTarget "BringCloser" */;
			buildPhases = (
				6C38E57B2A41D93600801ACC /* Sources */,
				6C38E57C2A41D93600801ACC /* Frameworks */,
				6C38E57D2A41D93600801ACC /* Resources */,
			);
			buildRules = (
			);
			dependencies = (
			);
			name = BringCloser;
			packageProductDependencies = (
				6C38E5A22A41DE2E00801ACC /* FirebaseAnalytics */,
				6C38E5A42A41DE2E00801ACC /* FirebaseDatabase */,
				6C38E5A62A41DE2E00801ACC /* FirebaseFirestoreSwift */,
			);
			productName = BringCloser;
			productReference = 6C38E57F2A41D93600801ACC /* BringCloser.app */;
			productType = "com.apple.product-type.application";
		};
/* End PBXNativeTarget section */

/* Begin PBXProject section */
		6C38E5772A41D93600801ACC /* Project object */ = {
			isa = PBXProject;
			attributes = {
				BuildIndependentTargetsInParallel = 1;
				LastSwiftUpdateCheck = 1430;
				LastUpgradeCheck = 1430;
				TargetAttributes = {
					6C38E57E2A41D93600801ACC = {
						CreatedOnToolsVersion = 14.3.1;
					};
				};
			};
			buildConfigurationList = 6C38E57A2A41D93600801ACC /* Build configuration list for PBXProject "BringCloser" */;
			compatibilityVersion = "Xcode 14.0";
			developmentRegion = en;
			hasScannedForEncodings = 0;
			knownRegions = (
				en,
				Base,
			);
			mainGroup = 6C38E5762A41D93600801ACC;
			packageReferences = (
				6C38E5A12A41DE2E00801ACC /* XCRemoteSwiftPackageReference "firebase-ios-sdk" */,
			);
			productRefGroup = 6C38E5802A41D93600801ACC /* Products */;
			projectDirPath = "";
			projectRoot = "";
			targets = (
				6C38E57E2A41D93600801ACC /* BringCloser */,
			);
		};
/* End PBXProject section */

/* Begin PBXResourcesBuildPhase section */
		6C38E57D2A41D93600801ACC /* Resources */ = {
			isa = PBXResourcesBuildPhase;
			buildActionMask = 2147483647;
			files = (
				6C38E58A2A41D93700801ACC /* Preview Assets.xcassets in Resources */,
				6C38E5872A41D93700801ACC /* Assets.xcassets in Resources */,
				6C38E5A92A41DF8800801ACC /* GoogleService-Info.plist in Resources */,
			);
			runOnlyForDeploymentPostprocessing = 0;
		};
/* End PBXResourcesBuildPhase section */

/* Begin PBXSourcesBuildPhase section */
		6C38E57B2A41D93600801ACC /* Sources */ = {
			isa = PBXSourcesBuildPhase;
			buildActionMask = 2147483647;
			files = (
				6C29BC572A432A91000B5DCF /* PostRowViewModel.swift in Sources */,
				6C38E5952A41DBE100801ACC /* Post.swift in Sources */,
				6C38E59C2A41DD1000801ACC /* PostRepository.swift in Sources */,
				6C38E59E2A41DD4300801ACC /* PostsViewModel.swift in Sources */,
				6C38E5972A41DC1100801ACC /* PostRow.swift in Sources */,
				6C38E5832A41D93600801ACC /* BringCloserApp.swift in Sources */,
				6CF6B5482A42901B00DBD148 /* Loadable.swift in Sources */,
				6C38E5992A41DC4E00801ACC /* PostList.swift in Sources */,
				6C29BC552A4325C4000B5DCF /* Alert+Error.swift in Sources */,
				6C38E5A02A41DD8500801ACC /* NewPostForm.swift in Sources */,
				6CF6B54A2A4294BE00DBD148 /* EmptyListView.swift in Sources */,
			);
			runOnlyForDeploymentPostprocessing = 0;
		};
/* End PBXSourcesBuildPhase section */

/* Begin XCBuildConfiguration section */
		6C38E58B2A41D93700801ACC /* Debug */ = {
			isa = XCBuildConfiguration;
			buildSettings = {
				ALWAYS_SEARCH_USER_PATHS = NO;
				CLANG_ANALYZER_NONNULL = YES;
				CLANG_ANALYZER_NUMBER_OBJECT_CONVERSION = YES_AGGRESSIVE;
				CLANG_CXX_LANGUAGE_STANDARD = "gnu++20";
				CLANG_ENABLE_MODULES = YES;
				CLANG_ENABLE_OBJC_ARC = YES;
				CLANG_ENABLE_OBJC_WEAK = YES;
				CLANG_WARN_BLOCK_CAPTURE_AUTORELEASING = YES;
				CLANG_WARN_BOOL_CONVERSION = YES;
				CLANG_WARN_COMMA = YES;
				CLANG_WARN_CONSTANT_CONVERSION = YES;
				CLANG_WARN_DEPRECATED_OBJC_IMPLEMENTATIONS = YES;
				CLANG_WARN_DIRECT_OBJC_ISA_USAGE = YES_ERROR;
				CLANG_WARN_DOCUMENTATION_COMMENTS = YES;
				CLANG_WARN_EMPTY_BODY = YES;
				CLANG_WARN_ENUM_CONVERSION = YES;
				CLANG_WARN_INFINITE_RECURSION = YES;
				CLANG_WARN_INT_CONVERSION = YES;
				CLANG_WARN_NON_LITERAL_NULL_CONVERSION = YES;
				CLANG_WARN_OBJC_IMPLICIT_RETAIN_SELF = YES;
				CLANG_WARN_OBJC_LITERAL_CONVERSION = YES;
				CLANG_WARN_OBJC_ROOT_CLASS = YES_ERROR;
				CLANG_WARN_QUOTED_INCLUDE_IN_FRAMEWORK_HEADER = YES;
				CLANG_WARN_RANGE_LOOP_ANALYSIS = YES;
				CLANG_WARN_STRICT_PROTOTYPES = YES;
				CLANG_WARN_SUSPICIOUS_MOVE = YES;
				CLANG_WARN_UNGUARDED_AVAILABILITY = YES_AGGRESSIVE;
				CLANG_WARN_UNREACHABLE_CODE = YES;
				CLANG_WARN__DUPLICATE_METHOD_MATCH = YES;
				COPY_PHASE_STRIP = NO;
				DEBUG_INFORMATION_FORMAT = dwarf;
				ENABLE_STRICT_OBJC_MSGSEND = YES;
				ENABLE_TESTABILITY = YES;
				GCC_C_LANGUAGE_STANDARD = gnu11;
				GCC_DYNAMIC_NO_PIC = NO;
				GCC_NO_COMMON_BLOCKS = YES;
				GCC_OPTIMIZATION_LEVEL = 0;
				GCC_PREPROCESSOR_DEFINITIONS = (
					"DEBUG=1",
					"$(inherited)",
				);
				GCC_WARN_64_TO_32_BIT_CONVERSION = YES;
				GCC_WARN_ABOUT_RETURN_TYPE = YES_ERROR;
				GCC_WARN_UNDECLARED_SELECTOR = YES;
				GCC_WARN_UNINITIALIZED_AUTOS = YES_AGGRESSIVE;
				GCC_WARN_UNUSED_FUNCTION = YES;
				GCC_WARN_UNUSED_VARIABLE = YES;
				IPHONEOS_DEPLOYMENT_TARGET = 16.4;
				MTL_ENABLE_DEBUG_INFO = INCLUDE_SOURCE;
				MTL_FAST_MATH = YES;
				ONLY_ACTIVE_ARCH = YES;
				SDKROOT = iphoneos;
				SWIFT_ACTIVE_COMPILATION_CONDITIONS = DEBUG;
				SWIFT_OPTIMIZATION_LEVEL = "-Onone";
			};
			name = Debug;
		};
		6C38E58C2A41D93700801ACC /* Release */ = {
			isa = XCBuildConfiguration;
			buildSettings = {
				ALWAYS_SEARCH_USER_PATHS = NO;
				CLANG_ANALYZER_NONNULL = YES;
				CLANG_ANALYZER_NUMBER_OBJECT_CONVERSION = YES_AGGRESSIVE;
				CLANG_CXX_LANGUAGE_STANDARD = "gnu++20";
				CLANG_ENABLE_MODULES = YES;
				CLANG_ENABLE_OBJC_ARC = YES;
				CLANG_ENABLE_OBJC_WEAK = YES;
				CLANG_WARN_BLOCK_CAPTURE_AUTORELEASING = YES;
				CLANG_WARN_BOOL_CONVERSION = YES;
				CLANG_WARN_COMMA = YES;
				CLANG_WARN_CONSTANT_CONVERSION = YES;
				CLANG_WARN_DEPRECATED_OBJC_IMPLEMENTATIONS = YES;
				CLANG_WARN_DIRECT_OBJC_ISA_USAGE = YES_ERROR;
				CLANG_WARN_DOCUMENTATION_COMMENTS = YES;
				CLANG_WARN_EMPTY_BODY = YES;
				CLANG_WARN_ENUM_CONVERSION = YES;
				CLANG_WARN_INFINITE_RECURSION = YES;
				CLANG_WARN_INT_CONVERSION = YES;
				CLANG_WARN_NON_LITERAL_NULL_CONVERSION = YES;
				CLANG_WARN_OBJC_IMPLICIT_RETAIN_SELF = YES;
				CLANG_WARN_OBJC_LITERAL_CONVERSION = YES;
				CLANG_WARN_OBJC_ROOT_CLASS = YES_ERROR;
				CLANG_WARN_QUOTED_INCLUDE_IN_FRAMEWORK_HEADER = YES;
				CLANG_WARN_RANGE_LOOP_ANALYSIS = YES;
				CLANG_WARN_STRICT_PROTOTYPES = YES;
				CLANG_WARN_SUSPICIOUS_MOVE = YES;
				CLANG_WARN_UNGUARDED_AVAILABILITY = YES_AGGRESSIVE;
				CLANG_WARN_UNREACHABLE_CODE = YES;
				CLANG_WARN__DUPLICATE_METHOD_MATCH = YES;
				COPY_PHASE_STRIP = NO;
				DEBUG_INFORMATION_FORMAT = "dwarf-with-dsym";
				ENABLE_NS_ASSERTIONS = NO;
				ENABLE_STRICT_OBJC_MSGSEND = YES;
				GCC_C_LANGUAGE_STANDARD = gnu11;
				GCC_NO_COMMON_BLOCKS = YES;
				GCC_WARN_64_TO_32_BIT_CONVERSION = YES;
				GCC_WARN_ABOUT_RETURN_TYPE = YES_ERROR;
				GCC_WARN_UNDECLARED_SELECTOR = YES;
				GCC_WARN_UNINITIALIZED_AUTOS = YES_AGGRESSIVE;
				GCC_WARN_UNUSED_FUNCTION = YES;
				GCC_WARN_UNUSED_VARIABLE = YES;
				IPHONEOS_DEPLOYMENT_TARGET = 16.4;
				MTL_ENABLE_DEBUG_INFO = NO;
				MTL_FAST_MATH = YES;
				SDKROOT = iphoneos;
				SWIFT_COMPILATION_MODE = wholemodule;
				SWIFT_OPTIMIZATION_LEVEL = "-O";
				VALIDATE_PRODUCT = YES;
			};
			name = Release;
		};
		6C38E58E2A41D93700801ACC /* Debug */ = {
			isa = XCBuildConfiguration;
			buildSettings = {
				ASSETCATALOG_COMPILER_APPICON_NAME = AppIcon;
				ASSETCATALOG_COMPILER_GLOBAL_ACCENT_COLOR_NAME = AccentColor;
				CODE_SIGN_IDENTITY = "Apple Development";
				CODE_SIGN_STYLE = Automatic;
				CURRENT_PROJECT_VERSION = 1;
				DEVELOPMENT_ASSET_PATHS = "BringCloser/Resources/Preview\\ Content";
				DEVELOPMENT_TEAM = X2CJ5N6J47;
				ENABLE_PREVIEWS = YES;
				GENERATE_INFOPLIST_FILE = YES;
				INFOPLIST_KEY_UIApplicationSceneManifest_Generation = YES;
				INFOPLIST_KEY_UIApplicationSupportsIndirectInputEvents = YES;
				INFOPLIST_KEY_UILaunchScreen_Generation = YES;
				INFOPLIST_KEY_UISupportedInterfaceOrientations_iPad = "UIInterfaceOrientationPortrait UIInterfaceOrientationPortraitUpsideDown UIInterfaceOrientationLandscapeLeft UIInterfaceOrientationLandscapeRight";
				INFOPLIST_KEY_UISupportedInterfaceOrientations_iPhone = "UIInterfaceOrientationPortrait UIInterfaceOrientationLandscapeLeft UIInterfaceOrientationLandscapeRight";
				IPHONEOS_DEPLOYMENT_TARGET = 16.0;
				LD_RUNPATH_SEARCH_PATHS = (
					"$(inherited)",
					"@executable_path/Frameworks",
				);
				MARKETING_VERSION = 1.0;
				PRODUCT_BUNDLE_IDENTIFIER = com.vts.BringCloser;
				PRODUCT_NAME = "$(TARGET_NAME)";
				PROVISIONING_PROFILE_SPECIFIER = "";
				SWIFT_EMIT_LOC_STRINGS = YES;
				SWIFT_VERSION = 5.0;
				TARGETED_DEVICE_FAMILY = "1,2";
			};
			name = Debug;
		};
		6C38E58F2A41D93700801ACC /* Release */ = {
			isa = XCBuildConfiguration;
			buildSettings = {
				ASSETCATALOG_COMPILER_APPICON_NAME = AppIcon;
				ASSETCATALOG_COMPILER_GLOBAL_ACCENT_COLOR_NAME = AccentColor;
				CODE_SIGN_IDENTITY = "Apple Development";
				CODE_SIGN_STYLE = Automatic;
				CURRENT_PROJECT_VERSION = 1;
				DEVELOPMENT_ASSET_PATHS = "BringCloser/Resources/Preview\\ Content";
				DEVELOPMENT_TEAM = X2CJ5N6J47;
				ENABLE_PREVIEWS = YES;
				GENERATE_INFOPLIST_FILE = YES;
				INFOPLIST_KEY_UIApplicationSceneManifest_Generation = YES;
				INFOPLIST_KEY_UIApplicationSupportsIndirectInputEvents = YES;
				INFOPLIST_KEY_UILaunchScreen_Generation = YES;
				INFOPLIST_KEY_UISupportedInterfaceOrientations_iPad = "UIInterfaceOrientationPortrait UIInterfaceOrientationPortraitUpsideDown UIInterfaceOrientationLandscapeLeft UIInterfaceOrientationLandscapeRight";
				INFOPLIST_KEY_UISupportedInterfaceOrientations_iPhone = "UIInterfaceOrientationPortrait UIInterfaceOrientationLandscapeLeft UIInterfaceOrientationLandscapeRight";
				IPHONEOS_DEPLOYMENT_TARGET = 16.0;
				LD_RUNPATH_SEARCH_PATHS = (
					"$(inherited)",
					"@executable_path/Frameworks",
				);
				MARKETING_VERSION = 1.0;
				PRODUCT_BUNDLE_IDENTIFIER = com.vts.BringCloser;
				PRODUCT_NAME = "$(TARGET_NAME)";
				PROVISIONING_PROFILE_SPECIFIER = "";
				SWIFT_EMIT_LOC_STRINGS = YES;
				SWIFT_VERSION = 5.0;
				TARGETED_DEVICE_FAMILY = "1,2";
			};
			name = Release;
		};
/* End XCBuildConfiguration section */

/* Begin XCConfigurationList section */
		6C38E57A2A41D93600801ACC /* Build configuration list for PBXProject "BringCloser" */ = {
			isa = XCConfigurationList;
			buildConfigurations = (
				6C38E58B2A41D93700801ACC /* Debug */,
				6C38E58C2A41D93700801ACC /* Release */,
			);
			defaultConfigurationIsVisible = 0;
			defaultConfigurationName = Release;
		};
		6C38E58D2A41D93700801ACC /* Build configuration list for PBXNativeTarget "BringCloser" */ = {
			isa = XCConfigurationList;
			buildConfigurations = (
				6C38E58E2A41D93700801ACC /* Debug */,
				6C38E58F2A41D93700801ACC /* Release */,
			);
			defaultConfigurationIsVisible = 0;
			defaultConfigurationName = Release;
		};
/* End XCConfigurationList section */

/* Begin XCRemoteSwiftPackageReference section */
		6C38E5A12A41DE2E00801ACC /* XCRemoteSwiftPackageReference "firebase-ios-sdk" */ = {
			isa = XCRemoteSwiftPackageReference;
			repositoryURL = "https://github.com/firebase/firebase-ios-sdk.git";
			requirement = {
				kind = upToNextMajorVersion;
				minimumVersion = 10.0.0;
			};
		};
/* End XCRemoteSwiftPackageReference section */

/* Begin XCSwiftPackageProductDependency section */
		6C38E5A22A41DE2E00801ACC /* FirebaseAnalytics */ = {
			isa = XCSwiftPackageProductDependency;
			package = 6C38E5A12A41DE2E00801ACC /* XCRemoteSwiftPackageReference "firebase-ios-sdk" */;
			productName = FirebaseAnalytics;
		};
		6C38E5A42A41DE2E00801ACC /* FirebaseDatabase */ = {
			isa = XCSwiftPackageProductDependency;
			package = 6C38E5A12A41DE2E00801ACC /* XCRemoteSwiftPackageReference "firebase-ios-sdk" */;
			productName = FirebaseDatabase;
		};
		6C38E5A62A41DE2E00801ACC /* FirebaseFirestoreSwift */ = {
			isa = XCSwiftPackageProductDependency;
			package = 6C38E5A12A41DE2E00801ACC /* XCRemoteSwiftPackageReference "firebase-ios-sdk" */;
			productName = FirebaseFirestoreSwift;
		};
/* End XCSwiftPackageProductDependency section */
	};
	rootObject = 6C38E5772A41D93600801ACC /* Project object */;
}
